
Microsoft Visual Studio Solution File, Format Version 12.00
# Visual Studio 15
VisualStudioVersion = 15.0.28307.1913
MinimumVisualStudioVersion = 10.0.40219.1
Project("{8BC9CEB8-8B4A-11D0-8D11-00A0C91BC942}") = "FID-STORM", "FID-STORM\RS232DLL.vcxproj", "{4834656C-275F-4DAF-A336-2E3BE7477173}"
EndProject
Global
	GlobalSection(SolutionConfigurationPlatforms) = preSolution
		Debug|x64 = Debug|x64
		Debug|x86 = Debug|x86
		Release|x64 = Release|x64
		Release|x86 = Release|x86
	EndGlobalSection
	GlobalSection(ProjectConfigurationPlatforms) = postSolution
		{4834656C-275F-4DAF-A336-2E3BE7477173}.Debug|x64.ActiveCfg = Debug|x64
		{4834656C-275F-4DAF-A336-2E3BE7477173}.Debug|x64.Build.0 = Debug|x64
		{4834656C-275F-4DAF-A336-2E3BE7477173}.Debug|x86.ActiveCfg = Debug|Win32
		{4834656C-275F-4DAF-A336-2E3BE7477173}.Debug|x86.Build.0 = Debug|Win32
		{4834656C-275F-4DAF-A336-2E3BE7477173}.Release|x64.ActiveCfg = Release|x64
		{4834656C-275F-4DAF-A336-2E3BE7477173}.Release|x64.Build.0 = Release|x64
		{4834656C-275F-4DAF-A336-2E3BE7477173}.Release|x86.ActiveCfg = Release|Win32
		{4834656C-275F-4DAF-A336-2E3BE7477173}.Release|x86.Build.0 = Release|Win32
	EndGlobalSection
	GlobalSection(SolutionProperties) = preSolution
		HideSolutionNode = FALSE
	EndGlobalSection
	GlobalSection(ExtensibilityGlobals) = postSolution
		SolutionGuid = {C2A3ADCA-8E59-4638-89F0-FD75AB47344A}
	EndGlobalSection
EndGlobal
